
Microsoft Visual Studio Solution File, Format Version 12.00
# Visual Studio Version 16
VisualStudioVersion = 16.0.30503.244
MinimumVisualStudioVersion = 10.0.40219.1
Project("{8BC9CEB8-8B4A-11D0-8D11-00A0C91BC942}") = "ryzen_pstates", "ryzen_pstates.vcxproj", "{374F9CAF-C507-496C-888E-DC5107E91EB6}"
EndProject
Global
	GlobalSection(SolutionConfigurationPlatforms) = preSolution
		Debug|x64 = Debug|x64
		Release|x64 = Release|x64
	EndGlobalSection
	GlobalSection(ProjectConfigurationPlatforms) = postSolution
		{374F9CAF-C507-496C-888E-DC5107E91EB6}.Debug|x64.ActiveCfg = Debug|x64
		{374F9CAF-C507-496C-888E-DC5107E91EB6}.Debug|x64.Build.0 = Debug|x64
		{374F9CAF-C507-496C-888E-DC5107E91EB6}.Release|x64.ActiveCfg = Release|x64
		{374F9CAF-C507-496C-888E-DC5107E91EB6}.Release|x64.Build.0 = Release|x64
	EndGlobalSection
	GlobalSection(SolutionProperties) = preSolution
		HideSolutionNode = FALSE
	EndGlobalSection
	GlobalSection(ExtensibilityGlobals) = postSolution
		SolutionGuid = {B3549342-3532-4229-B5BE-06D78D8F0079}
	EndGlobalSection
EndGlobal
